
Microsoft Visual Studio Solution File, Format Version 12.00
# Visual Studio Version 16
VisualStudioVersion = 16.0.29102.190
MinimumVisualStudioVersion = 10.0.40219.1
Project("{2150E333-8FDC-42A3-9474-1A3956D46DE8}") = "DevOps", "DevOps", "{D29CABE7-467E-4CF6-B44B-3C58AB76145A}"
	ProjectSection(SolutionItems) = preProject
		..\azure-pipelines.yml = ..\azure-pipelines.yml
	EndProjectSection
EndProject
Project("{9A19103F-16F7-4668-BE54-9A1E7A4F7556}") = "Marain.Operations.Abstractions", "Marain.Operations.Abstractions\Marain.Operations.Abstractions.csproj", "{56C80859-3883-4376-B1B3-40550143DE6B}"
EndProject
Project("{9A19103F-16F7-4668-BE54-9A1E7A4F7556}") = "Marain.Operations.Azure.Storage", "Marain.Operations.Azure.Storage\Marain.Operations.Azure.Storage.csproj", "{0DA469E7-74B2-445D-A533-A08241B9C88E}"
EndProject
Project("{9A19103F-16F7-4668-BE54-9A1E7A4F7556}") = "Marain.Operations.Specs", "Marain.Operations.Specs\Marain.Operations.Specs.csproj", "{C4577041-7449-4339-9768-A466C4999AC7}"
EndProject
Project("{9A19103F-16F7-4668-BE54-9A1E7A4F7556}") = "Marain.Operations.OpenApi", "Marain.Operations.OpenApi\Marain.Operations.OpenApi.csproj", "{9A733580-3BB9-4A33-90A5-95C685CF69B6}"
EndProject
Project("{2150E333-8FDC-42A3-9474-1A3956D46DE8}") = "Hosting", "Hosting", "{F4D3CF09-810E-486E-93F7-8B83289AE47A}"
EndProject
Project("{9A19103F-16F7-4668-BE54-9A1E7A4F7556}") = "Marain.Operations.ControlHost.Functions", "Marain.Operations.ControlHost.Functions\Marain.Operations.ControlHost.Functions.csproj", "{F1CD8273-D993-4452-A3B6-4C0B2744C20B}"
EndProject
Project("{9A19103F-16F7-4668-BE54-9A1E7A4F7556}") = "Marain.Operations.StatusHost.Functions", "Marain.Operations.StatusHost.Functions\Marain.Operations.StatusHost.Functions.csproj", "{798886DA-C849-4F9F-AC06-BBCB721F800F}"
EndProject
Project("{151D2E53-A2C4-4D7D-83FE-D05416EBD58E}") = "Marain.Operations.Deployment", "Marain.Operations.Deployment\Marain.Operations.Deployment.deployproj", "{99F6DADC-FC9A-4060-9D4C-6047D15FECC7}"
EndProject
Project("{9A19103F-16F7-4668-BE54-9A1E7A4F7556}") = "Marain.Operations.Hosting.AspNetCore", "Marain.Operations.Hosting.AspNetCore\Marain.Operations.Hosting.AspNetCore.csproj", "{45554330-70C1-490C-A6D3-E77E8443793B}"
EndProject
Project("{2150E333-8FDC-42A3-9474-1A3956D46DE8}") = "Client", "Client", "{E418F648-61C8-48AF-8305-D520BAB272B0}"
EndProject
Project("{9A19103F-16F7-4668-BE54-9A1E7A4F7556}") = "Marain.Operations.ControlClient", "Marain.Operations.ControlClient\Marain.Operations.ControlClient.csproj", "{51815998-4551-477F-B2FB-12A767B39CE9}"
EndProject
Project("{9A19103F-16F7-4668-BE54-9A1E7A4F7556}") = "Marain.Operations.StatusClient", "Marain.Operations.StatusClient\Marain.Operations.StatusClient.csproj", "{526CE85F-CB03-41ED-B1DA-B65539F83FE8}"
EndProject
Project("{FAE04EC0-301F-11D3-BF4B-00C04F79EFBC}") = "Marain.Services.Tenancy", "Marain.Services.Tenancy\Marain.Services.Tenancy.csproj", "{CF6CEADD-401A-4DD4-A26E-E5D8E58459AE}"
EndProject
Project("{2150E333-8FDC-42A3-9474-1A3956D46DE8}") = "ServiceManifests", "ServiceManifests", "{BA443C5C-7EC5-4210-8117-DDFA249EBFD1}"
	ProjectSection(SolutionItems) = preProject
		ServiceManifests\OperationsControlServiceManifest.jsonc = ServiceManifests\OperationsControlServiceManifest.jsonc
		ServiceManifests\OperationsStatusServiceManifest.jsonc = ServiceManifests\OperationsStatusServiceManifest.jsonc
	EndProjectSection
EndProject
Project("{2150E333-8FDC-42A3-9474-1A3956D46DE8}") = "Configuration", "Configuration", "{697107FC-8C59-4E52-BA9D-72A7CC6B8316}"
	ProjectSection(SolutionItems) = preProject
		..\..\Marain.TenantManagement\Solutions\EnrollmentConfigurations\OperationsConfigForStorageEmulator.json = ..\..\Marain.TenantManagement\Solutions\EnrollmentConfigurations\OperationsConfigForStorageEmulator.json
	EndProjectSection
EndProject
Global
	GlobalSection(SolutionConfigurationPlatforms) = preSolution
		Debug|Any CPU = Debug|Any CPU
		Release|Any CPU = Release|Any CPU
	EndGlobalSection
	GlobalSection(ProjectConfigurationPlatforms) = postSolution
		{56C80859-3883-4376-B1B3-40550143DE6B}.Debug|Any CPU.ActiveCfg = Debug|Any CPU
		{56C80859-3883-4376-B1B3-40550143DE6B}.Debug|Any CPU.Build.0 = Debug|Any CPU
		{56C80859-3883-4376-B1B3-40550143DE6B}.Release|Any CPU.ActiveCfg = Release|Any CPU
		{56C80859-3883-4376-B1B3-40550143DE6B}.Release|Any CPU.Build.0 = Release|Any CPU
		{0DA469E7-74B2-445D-A533-A08241B9C88E}.Debug|Any CPU.ActiveCfg = Debug|Any CPU
		{0DA469E7-74B2-445D-A533-A08241B9C88E}.Debug|Any CPU.Build.0 = Debug|Any CPU
		{0DA469E7-74B2-445D-A533-A08241B9C88E}.Release|Any CPU.ActiveCfg = Release|Any CPU
		{0DA469E7-74B2-445D-A533-A08241B9C88E}.Release|Any CPU.Build.0 = Release|Any CPU
		{C4577041-7449-4339-9768-A466C4999AC7}.Debug|Any CPU.ActiveCfg = Debug|Any CPU
		{C4577041-7449-4339-9768-A466C4999AC7}.Debug|Any CPU.Build.0 = Debug|Any CPU
		{C4577041-7449-4339-9768-A466C4999AC7}.Release|Any CPU.ActiveCfg = Release|Any CPU
		{C4577041-7449-4339-9768-A466C4999AC7}.Release|Any CPU.Build.0 = Release|Any CPU
		{9A733580-3BB9-4A33-90A5-95C685CF69B6}.Debug|Any CPU.ActiveCfg = Debug|Any CPU
		{9A733580-3BB9-4A33-90A5-95C685CF69B6}.Debug|Any CPU.Build.0 = Debug|Any CPU
		{9A733580-3BB9-4A33-90A5-95C685CF69B6}.Release|Any CPU.ActiveCfg = Release|Any CPU
		{9A733580-3BB9-4A33-90A5-95C685CF69B6}.Release|Any CPU.Build.0 = Release|Any CPU
		{F1CD8273-D993-4452-A3B6-4C0B2744C20B}.Debug|Any CPU.ActiveCfg = Debug|Any CPU
		{F1CD8273-D993-4452-A3B6-4C0B2744C20B}.Debug|Any CPU.Build.0 = Debug|Any CPU
		{F1CD8273-D993-4452-A3B6-4C0B2744C20B}.Release|Any CPU.ActiveCfg = Release|Any CPU
		{F1CD8273-D993-4452-A3B6-4C0B2744C20B}.Release|Any CPU.Build.0 = Release|Any CPU
		{798886DA-C849-4F9F-AC06-BBCB721F800F}.Debug|Any CPU.ActiveCfg = Debug|Any CPU
		{798886DA-C849-4F9F-AC06-BBCB721F800F}.Debug|Any CPU.Build.0 = Debug|Any CPU
		{798886DA-C849-4F9F-AC06-BBCB721F800F}.Release|Any CPU.ActiveCfg = Release|Any CPU
		{798886DA-C849-4F9F-AC06-BBCB721F800F}.Release|Any CPU.Build.0 = Release|Any CPU
		{99F6DADC-FC9A-4060-9D4C-6047D15FECC7}.Debug|Any CPU.ActiveCfg = Debug|Any CPU
		{99F6DADC-FC9A-4060-9D4C-6047D15FECC7}.Debug|Any CPU.Build.0 = Debug|Any CPU
		{99F6DADC-FC9A-4060-9D4C-6047D15FECC7}.Release|Any CPU.ActiveCfg = Release|Any CPU
		{99F6DADC-FC9A-4060-9D4C-6047D15FECC7}.Release|Any CPU.Build.0 = Release|Any CPU
		{45554330-70C1-490C-A6D3-E77E8443793B}.Debug|Any CPU.ActiveCfg = Debug|Any CPU
		{45554330-70C1-490C-A6D3-E77E8443793B}.Debug|Any CPU.Build.0 = Debug|Any CPU
		{45554330-70C1-490C-A6D3-E77E8443793B}.Release|Any CPU.ActiveCfg = Release|Any CPU
		{45554330-70C1-490C-A6D3-E77E8443793B}.Release|Any CPU.Build.0 = Release|Any CPU
		{51815998-4551-477F-B2FB-12A767B39CE9}.Debug|Any CPU.ActiveCfg = Debug|Any CPU
		{51815998-4551-477F-B2FB-12A767B39CE9}.Debug|Any CPU.Build.0 = Debug|Any CPU
		{51815998-4551-477F-B2FB-12A767B39CE9}.Release|Any CPU.ActiveCfg = Release|Any CPU
		{51815998-4551-477F-B2FB-12A767B39CE9}.Release|Any CPU.Build.0 = Release|Any CPU
		{526CE85F-CB03-41ED-B1DA-B65539F83FE8}.Debug|Any CPU.ActiveCfg = Debug|Any CPU
		{526CE85F-CB03-41ED-B1DA-B65539F83FE8}.Debug|Any CPU.Build.0 = Debug|Any CPU
		{526CE85F-CB03-41ED-B1DA-B65539F83FE8}.Release|Any CPU.ActiveCfg = Release|Any CPU
		{526CE85F-CB03-41ED-B1DA-B65539F83FE8}.Release|Any CPU.Build.0 = Release|Any CPU
		{CF6CEADD-401A-4DD4-A26E-E5D8E58459AE}.Debug|Any CPU.ActiveCfg = Debug|Any CPU
		{CF6CEADD-401A-4DD4-A26E-E5D8E58459AE}.Debug|Any CPU.Build.0 = Debug|Any CPU
		{CF6CEADD-401A-4DD4-A26E-E5D8E58459AE}.Release|Any CPU.ActiveCfg = Release|Any CPU
		{CF6CEADD-401A-4DD4-A26E-E5D8E58459AE}.Release|Any CPU.Build.0 = Release|Any CPU
	EndGlobalSection
	GlobalSection(SolutionProperties) = preSolution
		HideSolutionNode = FALSE
	EndGlobalSection
	GlobalSection(NestedProjects) = preSolution
		{F1CD8273-D993-4452-A3B6-4C0B2744C20B} = {F4D3CF09-810E-486E-93F7-8B83289AE47A}
		{798886DA-C849-4F9F-AC06-BBCB721F800F} = {F4D3CF09-810E-486E-93F7-8B83289AE47A}
		{99F6DADC-FC9A-4060-9D4C-6047D15FECC7} = {F4D3CF09-810E-486E-93F7-8B83289AE47A}
		{45554330-70C1-490C-A6D3-E77E8443793B} = {F4D3CF09-810E-486E-93F7-8B83289AE47A}
		{51815998-4551-477F-B2FB-12A767B39CE9} = {E418F648-61C8-48AF-8305-D520BAB272B0}
		{526CE85F-CB03-41ED-B1DA-B65539F83FE8} = {E418F648-61C8-48AF-8305-D520BAB272B0}
		{697107FC-8C59-4E52-BA9D-72A7CC6B8316} = {BA443C5C-7EC5-4210-8117-DDFA249EBFD1}
	EndGlobalSection
	GlobalSection(ExtensibilityGlobals) = postSolution
		SolutionGuid = {8A96A87D-1A5F-440A-AE9B-5449358C84D2}
	EndGlobalSection
EndGlobal
